
Microsoft Visual Studio Solution File, Format Version 12.00
Project("{FAE04EC0-301F-11D3-BF4B-00C04F79EFBC}") = "TvMazeScraper", "TvMazeScraper\TvMazeScraper.csproj", "{F45171E8-93EE-45BA-866A-69061D6528DA}"
EndProject
Project("{FAE04EC0-301F-11D3-BF4B-00C04F79EFBC}") = "TvMazeScraper.Services", "TvMazeScraper.Services\TvMazeScraper.Services.csproj", "{005AC11B-19D4-43E8-B359-5E4A5D4D630D}"
EndProject
Project("{FAE04EC0-301F-11D3-BF4B-00C04F79EFBC}") = "TvMazeScraper.Domain", "TvMazeScraper.Domain\TvMazeScraper.Domain.csproj", "{911951C6-BBCF-4B6E-BC3C-559FEE263736}"
EndProject
Global
	GlobalSection(SolutionConfigurationPlatforms) = preSolution
		Debug|Any CPU = Debug|Any CPU
		Release|Any CPU = Release|Any CPU
	EndGlobalSection
	GlobalSection(ProjectConfigurationPlatforms) = postSolution
		{F45171E8-93EE-45BA-866A-69061D6528DA}.Debug|Any CPU.ActiveCfg = Debug|Any CPU
		{F45171E8-93EE-45BA-866A-69061D6528DA}.Debug|Any CPU.Build.0 = Debug|Any CPU
		{F45171E8-93EE-45BA-866A-69061D6528DA}.Release|Any CPU.ActiveCfg = Release|Any CPU
		{F45171E8-93EE-45BA-866A-69061D6528DA}.Release|Any CPU.Build.0 = Release|Any CPU
		{005AC11B-19D4-43E8-B359-5E4A5D4D630D}.Debug|Any CPU.ActiveCfg = Debug|Any CPU
		{005AC11B-19D4-43E8-B359-5E4A5D4D630D}.Debug|Any CPU.Build.0 = Debug|Any CPU
		{005AC11B-19D4-43E8-B359-5E4A5D4D630D}.Release|Any CPU.ActiveCfg = Release|Any CPU
		{005AC11B-19D4-43E8-B359-5E4A5D4D630D}.Release|Any CPU.Build.0 = Release|Any CPU
		{911951C6-BBCF-4B6E-BC3C-559FEE263736}.Debug|Any CPU.ActiveCfg = Debug|Any CPU
		{911951C6-BBCF-4B6E-BC3C-559FEE263736}.Debug|Any CPU.Build.0 = Debug|Any CPU
		{911951C6-BBCF-4B6E-BC3C-559FEE263736}.Release|Any CPU.ActiveCfg = Release|Any CPU
		{911951C6-BBCF-4B6E-BC3C-559FEE263736}.Release|Any CPU.Build.0 = Release|Any CPU
	EndGlobalSection
EndGlobal
